// !$*UTF8*$!
{
	archiveVersion = 1;
	classes = {
	};
	objectVersion = 52;
	objects = {

/* Begin PBXBuildFile section */
		2C340C952713133700B2D4F1 /* AppDelegate.swift in Sources */ = {isa = PBXBuildFile; fileRef = 2C340C942713133700B2D4F1 /* AppDelegate.swift */; };
		2C340C972713133700B2D4F1 /* SceneDelegate.swift in Sources */ = {isa = PBXBuildFile; fileRef = 2C340C962713133700B2D4F1 /* SceneDelegate.swift */; };
		2C340C9C2713133700B2D4F1 /* KleverTest.xcdatamodeld in Sources */ = {isa = PBXBuildFile; fileRef = 2C340C9A2713133700B2D4F1 /* KleverTest.xcdatamodeld */; };
		2C340C9E2713133800B2D4F1 /* Assets.xcassets in Resources */ = {isa = PBXBuildFile; fileRef = 2C340C9D2713133800B2D4F1 /* Assets.xcassets */; };
		2C340CA12713133800B2D4F1 /* Preview Assets.xcassets in Resources */ = {isa = PBXBuildFile; fileRef = 2C340CA02713133800B2D4F1 /* Preview Assets.xcassets */; };
		2C340CA42713133800B2D4F1 /* LaunchScreen.storyboard in Resources */ = {isa = PBXBuildFile; fileRef = 2C340CA22713133800B2D4F1 /* LaunchScreen.storyboard */; };
		2C340CAF2713133800B2D4F1 /* KleverTestTests.swift in Sources */ = {isa = PBXBuildFile; fileRef = 2C340CAE2713133800B2D4F1 /* KleverTestTests.swift */; };
		2C340CBA2713133800B2D4F1 /* KleverTestUITests.swift in Sources */ = {isa = PBXBuildFile; fileRef = 2C340CB92713133800B2D4F1 /* KleverTestUITests.swift */; };
		2CAA9F9B27131E230052854C /* UserAccountRouter.swift in Sources */ = {isa = PBXBuildFile; fileRef = 2CAA9F9A27131E230052854C /* UserAccountRouter.swift */; };
		2CAA9F9D27131E440052854C /* UserAccountView.swift in Sources */ = {isa = PBXBuildFile; fileRef = 2CAA9F9C27131E440052854C /* UserAccountView.swift */; };
		2CAA9F9F27131EBB0052854C /* UserAccountViewProtocol.swift in Sources */ = {isa = PBXBuildFile; fileRef = 2CAA9F9E27131EBB0052854C /* UserAccountViewProtocol.swift */; };
		2CAA9FA3271323190052854C /* UserAccountPresenter.swift in Sources */ = {isa = PBXBuildFile; fileRef = 2CAA9FA2271323190052854C /* UserAccountPresenter.swift */; };
		2CAA9FA5271323620052854C /* UserAccountPresenterProtocol.swift in Sources */ = {isa = PBXBuildFile; fileRef = 2CAA9FA4271323620052854C /* UserAccountPresenterProtocol.swift */; };
		2CAA9FA7271323CB0052854C /* UserData.swift in Sources */ = {isa = PBXBuildFile; fileRef = 2CAA9FA6271323CB0052854C /* UserData.swift */; };
		2CFF0027271327AE00ABF485 /* UserAccountInteractor.swift in Sources */ = {isa = PBXBuildFile; fileRef = 2CFF0026271327AE00ABF485 /* UserAccountInteractor.swift */; };
		2CFF0029271327E900ABF485 /* UserAccountInteractorProtocol.swift in Sources */ = {isa = PBXBuildFile; fileRef = 2CFF0028271327E900ABF485 /* UserAccountInteractorProtocol.swift */; };
		2CFF002B2713282E00ABF485 /* UserAPI.swift in Sources */ = {isa = PBXBuildFile; fileRef = 2CFF002A2713282E00ABF485 /* UserAPI.swift */; };
		2CFF002D2713B39200ABF485 /* ErrorView.swift in Sources */ = {isa = PBXBuildFile; fileRef = 2CFF002C2713B39200ABF485 /* ErrorView.swift */; };
		2CFF00302713D6FF00ABF485 /* accounts.grpc.swift in Sources */ = {isa = PBXBuildFile; fileRef = 2CFF002E2713D6FE00ABF485 /* accounts.grpc.swift */; };
		2CFF00312713D6FF00ABF485 /* accounts.pb.swift in Sources */ = {isa = PBXBuildFile; fileRef = 2CFF002F2713D6FF00ABF485 /* accounts.pb.swift */; };
		2CFF00342713D80A00ABF485 /* NIO in Frameworks */ = {isa = PBXBuildFile; productRef = 2CFF00332713D80A00ABF485 /* NIO */; };
		2CFF00372713DCAD00ABF485 /* SwiftProtobuf in Frameworks */ = {isa = PBXBuildFile; productRef = 2CFF00362713DCAD00ABF485 /* SwiftProtobuf */; };
		2CFF003A2713DCF600ABF485 /* GRPC in Frameworks */ = {isa = PBXBuildFile; productRef = 2CFF00392713DCF600ABF485 /* GRPC */; };
		3AADE819DFCDC22A0A9A6B45 /* Pods_KleverTestTests.framework in Frameworks */ = {isa = PBXBuildFile; fileRef = 38617B455562938E638B38D4 /* Pods_KleverTestTests.framework */; };
		90B2599E8DCB1733E19C820A /* Pods_KleverTest.framework in Frameworks */ = {isa = PBXBuildFile; fileRef = 2EFEA0B5CFAF52CA3B0AF597 /* Pods_KleverTest.framework */; };
		EE15BAD289C1B8D1F39F6BE3 /* Pods_KleverTest_KleverTestUITests.framework in Frameworks */ = {isa = PBXBuildFile; fileRef = 07663ADEFE8A5FE56788B01C /* Pods_KleverTest_KleverTestUITests.framework */; };
/* End PBXBuildFile section */

/* Begin PBXContainerItemProxy section */
		2C340CAB2713133800B2D4F1 /* PBXContainerItemProxy */ = {
			isa = PBXContainerItemProxy;
			containerPortal = 2C340C892713133700B2D4F1 /* Project object */;
			proxyType = 1;
			remoteGlobalIDString = 2C340C902713133700B2D4F1;
			remoteInfo = KleverTest;
		};
		2C340CB62713133800B2D4F1 /* PBXContainerItemProxy */ = {
			isa = PBXContainerItemProxy;
			containerPortal = 2C340C892713133700B2D4F1 /* Project object */;
			proxyType = 1;
			remoteGlobalIDString = 2C340C902713133700B2D4F1;
			remoteInfo = KleverTest;
		};
/* End PBXContainerItemProxy section */

/* Begin PBXFileReference section */
		07663ADEFE8A5FE56788B01C /* Pods_KleverTest_KleverTestUITests.framework */ = {isa = PBXFileReference; explicitFileType = wrapper.framework; includeInIndex = 0; path = Pods_KleverTest_KleverTestUITests.framework; sourceTree = BUILT_PRODUCTS_DIR; };
		138F2AAABC28B5063514E3CC /* Pods-KleverTestTests.release.xcconfig */ = {isa = PBXFileReference; includeInIndex = 1; lastKnownFileType = text.xcconfig; name = "Pods-KleverTestTests.release.xcconfig"; path = "Target Support Files/Pods-KleverTestTests/Pods-KleverTestTests.release.xcconfig"; sourceTree = "<group>"; };
		2AE401C9D6714549F0F319D0 /* Pods-KleverTestTests.debug.xcconfig */ = {isa = PBXFileReference; includeInIndex = 1; lastKnownFileType = text.xcconfig; name = "Pods-KleverTestTests.debug.xcconfig"; path = "Target Support Files/Pods-KleverTestTests/Pods-KleverTestTests.debug.xcconfig"; sourceTree = "<group>"; };
		2C340C912713133700B2D4F1 /* KleverTest.app */ = {isa = PBXFileReference; explicitFileType = wrapper.application; includeInIndex = 0; path = KleverTest.app; sourceTree = BUILT_PRODUCTS_DIR; };
		2C340C942713133700B2D4F1 /* AppDelegate.swift */ = {isa = PBXFileReference; lastKnownFileType = sourcecode.swift; path = AppDelegate.swift; sourceTree = "<group>"; };
		2C340C962713133700B2D4F1 /* SceneDelegate.swift */ = {isa = PBXFileReference; lastKnownFileType = sourcecode.swift; path = SceneDelegate.swift; sourceTree = "<group>"; };
		2C340C9B2713133700B2D4F1 /* KleverTest.xcdatamodel */ = {isa = PBXFileReference; lastKnownFileType = wrapper.xcdatamodel; path = KleverTest.xcdatamodel; sourceTree = "<group>"; };
		2C340C9D2713133800B2D4F1 /* Assets.xcassets */ = {isa = PBXFileReference; lastKnownFileType = folder.assetcatalog; path = Assets.xcassets; sourceTree = "<group>"; };
		2C340CA02713133800B2D4F1 /* Preview Assets.xcassets */ = {isa = PBXFileReference; lastKnownFileType = folder.assetcatalog; path = "Preview Assets.xcassets"; sourceTree = "<group>"; };
		2C340CA32713133800B2D4F1 /* Base */ = {isa = PBXFileReference; lastKnownFileType = file.storyboard; name = Base; path = Base.lproj/LaunchScreen.storyboard; sourceTree = "<group>"; };
		2C340CA52713133800B2D4F1 /* Info.plist */ = {isa = PBXFileReference; lastKnownFileType = text.plist.xml; path = Info.plist; sourceTree = "<group>"; };
		2C340CAA2713133800B2D4F1 /* KleverTestTests.xctest */ = {isa = PBXFileReference; explicitFileType = wrapper.cfbundle; includeInIndex = 0; path = KleverTestTests.xctest; sourceTree = BUILT_PRODUCTS_DIR; };
		2C340CAE2713133800B2D4F1 /* KleverTestTests.swift */ = {isa = PBXFileReference; lastKnownFileType = sourcecode.swift; path = KleverTestTests.swift; sourceTree = "<group>"; };
		2C340CB02713133800B2D4F1 /* Info.plist */ = {isa = PBXFileReference; lastKnownFileType = text.plist.xml; path = Info.plist; sourceTree = "<group>"; };
		2C340CB52713133800B2D4F1 /* KleverTestUITests.xctest */ = {isa = PBXFileReference; explicitFileType = wrapper.cfbundle; includeInIndex = 0; path = KleverTestUITests.xctest; sourceTree = BUILT_PRODUCTS_DIR; };
		2C340CB92713133800B2D4F1 /* KleverTestUITests.swift */ = {isa = PBXFileReference; lastKnownFileType = sourcecode.swift; path = KleverTestUITests.swift; sourceTree = "<group>"; };
		2C340CBB2713133800B2D4F1 /* Info.plist */ = {isa = PBXFileReference; lastKnownFileType = text.plist.xml; path = Info.plist; sourceTree = "<group>"; };
		2CAA9F9A27131E230052854C /* UserAccountRouter.swift */ = {isa = PBXFileReference; lastKnownFileType = sourcecode.swift; path = UserAccountRouter.swift; sourceTree = "<group>"; };
		2CAA9F9C27131E440052854C /* UserAccountView.swift */ = {isa = PBXFileReference; lastKnownFileType = sourcecode.swift; path = UserAccountView.swift; sourceTree = "<group>"; };
		2CAA9F9E27131EBB0052854C /* UserAccountViewProtocol.swift */ = {isa = PBXFileReference; lastKnownFileType = sourcecode.swift; path = UserAccountViewProtocol.swift; sourceTree = "<group>"; };
		2CAA9FA2271323190052854C /* UserAccountPresenter.swift */ = {isa = PBXFileReference; lastKnownFileType = sourcecode.swift; path = UserAccountPresenter.swift; sourceTree = "<group>"; };
		2CAA9FA4271323620052854C /* UserAccountPresenterProtocol.swift */ = {isa = PBXFileReference; lastKnownFileType = sourcecode.swift; path = UserAccountPresenterProtocol.swift; sourceTree = "<group>"; };
		2CAA9FA6271323CB0052854C /* UserData.swift */ = {isa = PBXFileReference; lastKnownFileType = sourcecode.swift; path = UserData.swift; sourceTree = "<group>"; };
		2CFF0026271327AE00ABF485 /* UserAccountInteractor.swift */ = {isa = PBXFileReference; lastKnownFileType = sourcecode.swift; path = UserAccountInteractor.swift; sourceTree = "<group>"; };
		2CFF0028271327E900ABF485 /* UserAccountInteractorProtocol.swift */ = {isa = PBXFileReference; lastKnownFileType = sourcecode.swift; path = UserAccountInteractorProtocol.swift; sourceTree = "<group>"; };
		2CFF002A2713282E00ABF485 /* UserAPI.swift */ = {isa = PBXFileReference; lastKnownFileType = sourcecode.swift; path = UserAPI.swift; sourceTree = "<group>"; };
		2CFF002C2713B39200ABF485 /* ErrorView.swift */ = {isa = PBXFileReference; lastKnownFileType = sourcecode.swift; path = ErrorView.swift; sourceTree = "<group>"; };
		2CFF002E2713D6FE00ABF485 /* accounts.grpc.swift */ = {isa = PBXFileReference; fileEncoding = 4; lastKnownFileType = sourcecode.swift; path = accounts.grpc.swift; sourceTree = "<group>"; };
		2CFF002F2713D6FF00ABF485 /* accounts.pb.swift */ = {isa = PBXFileReference; fileEncoding = 4; lastKnownFileType = sourcecode.swift; path = accounts.pb.swift; sourceTree = "<group>"; };
		2EFEA0B5CFAF52CA3B0AF597 /* Pods_KleverTest.framework */ = {isa = PBXFileReference; explicitFileType = wrapper.framework; includeInIndex = 0; path = Pods_KleverTest.framework; sourceTree = BUILT_PRODUCTS_DIR; };
		34472E8585457EE5788B03FA /* Pods-KleverTest-KleverTestUITests.release.xcconfig */ = {isa = PBXFileReference; includeInIndex = 1; lastKnownFileType = text.xcconfig; name = "Pods-KleverTest-KleverTestUITests.release.xcconfig"; path = "Target Support Files/Pods-KleverTest-KleverTestUITests/Pods-KleverTest-KleverTestUITests.release.xcconfig"; sourceTree = "<group>"; };
		38617B455562938E638B38D4 /* Pods_KleverTestTests.framework */ = {isa = PBXFileReference; explicitFileType = wrapper.framework; includeInIndex = 0; path = Pods_KleverTestTests.framework; sourceTree = BUILT_PRODUCTS_DIR; };
		5A4E9E5B2FF576F34D6EB847 /* Pods-KleverTest.release.xcconfig */ = {isa = PBXFileReference; includeInIndex = 1; lastKnownFileType = text.xcconfig; name = "Pods-KleverTest.release.xcconfig"; path = "Target Support Files/Pods-KleverTest/Pods-KleverTest.release.xcconfig"; sourceTree = "<group>"; };
		AC439654A5504980452ECE23 /* Pods-KleverTest-KleverTestUITests.debug.xcconfig */ = {isa = PBXFileReference; includeInIndex = 1; lastKnownFileType = text.xcconfig; name = "Pods-KleverTest-KleverTestUITests.debug.xcconfig"; path = "Target Support Files/Pods-KleverTest-KleverTestUITests/Pods-KleverTest-KleverTestUITests.debug.xcconfig"; sourceTree = "<group>"; };
		B36291F464CE1BD222710F35 /* Pods-KleverTest.debug.xcconfig */ = {isa = PBXFileReference; includeInIndex = 1; lastKnownFileType = text.xcconfig; name = "Pods-KleverTest.debug.xcconfig"; path = "Target Support Files/Pods-KleverTest/Pods-KleverTest.debug.xcconfig"; sourceTree = "<group>"; };
/* End PBXFileReference section */

/* Begin PBXFrameworksBuildPhase section */
		2C340C8E2713133700B2D4F1 /* Frameworks */ = {
			isa = PBXFrameworksBuildPhase;
			buildActionMask = 2147483647;
			files = (
				2CFF003A2713DCF600ABF485 /* GRPC in Frameworks */,
				90B2599E8DCB1733E19C820A /* Pods_KleverTest.framework in Frameworks */,
				2CFF00342713D80A00ABF485 /* NIO in Frameworks */,
				2CFF00372713DCAD00ABF485 /* SwiftProtobuf in Frameworks */,
			);
			runOnlyForDeploymentPostprocessing = 0;
		};
		2C340CA72713133800B2D4F1 /* Frameworks */ = {
			isa = PBXFrameworksBuildPhase;
			buildActionMask = 2147483647;
			files = (
				3AADE819DFCDC22A0A9A6B45 /* Pods_KleverTestTests.framework in Frameworks */,
			);
			runOnlyForDeploymentPostprocessing = 0;
		};
		2C340CB22713133800B2D4F1 /* Frameworks */ = {
			isa = PBXFrameworksBuildPhase;
			buildActionMask = 2147483647;
			files = (
				EE15BAD289C1B8D1F39F6BE3 /* Pods_KleverTest_KleverTestUITests.framework in Frameworks */,
			);
			runOnlyForDeploymentPostprocessing = 0;
		};
/* End PBXFrameworksBuildPhase section */

/* Begin PBXGroup section */
		2C340C882713133700B2D4F1 = {
			isa = PBXGroup;
			children = (
				2C340C932713133700B2D4F1 /* KleverTest */,
				2C340CAD2713133800B2D4F1 /* KleverTestTests */,
				2C340CB82713133800B2D4F1 /* KleverTestUITests */,
				2C340C922713133700B2D4F1 /* Products */,
				A0EB1A1A561E2A3BA7854A39 /* Pods */,
				C8C96F0A865DA7544C78AF97 /* Frameworks */,
			);
			sourceTree = "<group>";
		};
		2C340C922713133700B2D4F1 /* Products */ = {
			isa = PBXGroup;
			children = (
				2C340C912713133700B2D4F1 /* KleverTest.app */,
				2C340CAA2713133800B2D4F1 /* KleverTestTests.xctest */,
				2C340CB52713133800B2D4F1 /* KleverTestUITests.xctest */,
			);
			name = Products;
			sourceTree = "<group>";
		};
		2C340C932713133700B2D4F1 /* KleverTest */ = {
			isa = PBXGroup;
			children = (
				2CAA9F9927131CBC0052854C /* interactor */,
				2CAA9F9827131CB50052854C /* presenter */,
				2CAA9F9727131CA40052854C /* router */,
				2CAA9F9627131C9D0052854C /* view */,
				2CAA9F9527131C8B0052854C /* model */,
				2C340C942713133700B2D4F1 /* AppDelegate.swift */,
				2C340C962713133700B2D4F1 /* SceneDelegate.swift */,
				2C340C9D2713133800B2D4F1 /* Assets.xcassets */,
				2C340CA22713133800B2D4F1 /* LaunchScreen.storyboard */,
				2C340CA52713133800B2D4F1 /* Info.plist */,
				2C340C9A2713133700B2D4F1 /* KleverTest.xcdatamodeld */,
				2C340C9F2713133800B2D4F1 /* Preview Content */,
			);
			path = KleverTest;
			sourceTree = "<group>";
		};
		2C340C9F2713133800B2D4F1 /* Preview Content */ = {
			isa = PBXGroup;
			children = (
				2C340CA02713133800B2D4F1 /* Preview Assets.xcassets */,
			);
			path = "Preview Content";
			sourceTree = "<group>";
		};
		2C340CAD2713133800B2D4F1 /* KleverTestTests */ = {
			isa = PBXGroup;
			children = (
				2C340CAE2713133800B2D4F1 /* KleverTestTests.swift */,
				2C340CB02713133800B2D4F1 /* Info.plist */,
			);
			path = KleverTestTests;
			sourceTree = "<group>";
		};
		2C340CB82713133800B2D4F1 /* KleverTestUITests */ = {
			isa = PBXGroup;
			children = (
				2C340CB92713133800B2D4F1 /* KleverTestUITests.swift */,
				2C340CBB2713133800B2D4F1 /* Info.plist */,
			);
			path = KleverTestUITests;
			sourceTree = "<group>";
		};
		2CAA9F9527131C8B0052854C /* model */ = {
			isa = PBXGroup;
			children = (
				2CFF002E2713D6FE00ABF485 /* accounts.grpc.swift */,
				2CFF002F2713D6FF00ABF485 /* accounts.pb.swift */,
				2CAA9FA6271323CB0052854C /* UserData.swift */,
				2CFF002A2713282E00ABF485 /* UserAPI.swift */,
				2CFF002C2713B39200ABF485 /* ErrorView.swift */,
			);
			path = model;
			sourceTree = "<group>";
		};
		2CAA9F9627131C9D0052854C /* view */ = {
			isa = PBXGroup;
			children = (
				2CAA9F9C27131E440052854C /* UserAccountView.swift */,
				2CAA9F9E27131EBB0052854C /* UserAccountViewProtocol.swift */,
			);
			path = view;
			sourceTree = "<group>";
		};
		2CAA9F9727131CA40052854C /* router */ = {
			isa = PBXGroup;
			children = (
				2CAA9F9A27131E230052854C /* UserAccountRouter.swift */,
			);
			path = router;
			sourceTree = "<group>";
		};
		2CAA9F9827131CB50052854C /* presenter */ = {
			isa = PBXGroup;
			children = (
				2CAA9FA2271323190052854C /* UserAccountPresenter.swift */,
				2CAA9FA4271323620052854C /* UserAccountPresenterProtocol.swift */,
			);
			path = presenter;
			sourceTree = "<group>";
		};
		2CAA9F9927131CBC0052854C /* interactor */ = {
			isa = PBXGroup;
			children = (
				2CFF0026271327AE00ABF485 /* UserAccountInteractor.swift */,
				2CFF0028271327E900ABF485 /* UserAccountInteractorProtocol.swift */,
			);
			path = interactor;
			sourceTree = "<group>";
		};
		A0EB1A1A561E2A3BA7854A39 /* Pods */ = {
			isa = PBXGroup;
			children = (
				B36291F464CE1BD222710F35 /* Pods-KleverTest.debug.xcconfig */,
				5A4E9E5B2FF576F34D6EB847 /* Pods-KleverTest.release.xcconfig */,
				AC439654A5504980452ECE23 /* Pods-KleverTest-KleverTestUITests.debug.xcconfig */,
				34472E8585457EE5788B03FA /* Pods-KleverTest-KleverTestUITests.release.xcconfig */,
				2AE401C9D6714549F0F319D0 /* Pods-KleverTestTests.debug.xcconfig */,
				138F2AAABC28B5063514E3CC /* Pods-KleverTestTests.release.xcconfig */,
			);
			path = Pods;
			sourceTree = "<group>";
		};
		C8C96F0A865DA7544C78AF97 /* Frameworks */ = {
			isa = PBXGroup;
			children = (
				2EFEA0B5CFAF52CA3B0AF597 /* Pods_KleverTest.framework */,
				07663ADEFE8A5FE56788B01C /* Pods_KleverTest_KleverTestUITests.framework */,
				38617B455562938E638B38D4 /* Pods_KleverTestTests.framework */,
			);
			name = Frameworks;
			sourceTree = "<group>";
		};
/* End PBXGroup section */

/* Begin PBXNativeTarget section */
		2C340C902713133700B2D4F1 /* KleverTest */ = {
			isa = PBXNativeTarget;
			buildConfigurationList = 2C340CBE2713133800B2D4F1 /* Build configuration list for PBXNativeTarget "KleverTest" */;
			buildPhases = (
				14E8F90A7DCD6A7D690FBCEB /* [CP] Check Pods Manifest.lock */,
				2C340C8D2713133700B2D4F1 /* Sources */,
				2C340C8E2713133700B2D4F1 /* Frameworks */,
				2C340C8F2713133700B2D4F1 /* Resources */,
				942C2AACF7A9693BB2E7F6FA /* [CP] Embed Pods Frameworks */,
			);
			buildRules = (
			);
			dependencies = (
			);
			name = KleverTest;
			packageProductDependencies = (
				2CFF00332713D80A00ABF485 /* NIO */,
				2CFF00362713DCAD00ABF485 /* SwiftProtobuf */,
				2CFF00392713DCF600ABF485 /* GRPC */,
			);
			productName = KleverTest;
			productReference = 2C340C912713133700B2D4F1 /* KleverTest.app */;
			productType = "com.apple.product-type.application";
		};
		2C340CA92713133800B2D4F1 /* KleverTestTests */ = {
			isa = PBXNativeTarget;
			buildConfigurationList = 2C340CC12713133800B2D4F1 /* Build configuration list for PBXNativeTarget "KleverTestTests" */;
			buildPhases = (
				6859381394B64205B0A160F1 /* [CP] Check Pods Manifest.lock */,
				2C340CA62713133800B2D4F1 /* Sources */,
				2C340CA72713133800B2D4F1 /* Frameworks */,
				2C340CA82713133800B2D4F1 /* Resources */,
			);
			buildRules = (
			);
			dependencies = (
				2C340CAC2713133800B2D4F1 /* PBXTargetDependency */,
			);
			name = KleverTestTests;
			productName = KleverTestTests;
			productReference = 2C340CAA2713133800B2D4F1 /* KleverTestTests.xctest */;
			productType = "com.apple.product-type.bundle.unit-test";
		};
		2C340CB42713133800B2D4F1 /* KleverTestUITests */ = {
			isa = PBXNativeTarget;
			buildConfigurationList = 2C340CC42713133800B2D4F1 /* Build configuration list for PBXNativeTarget "KleverTestUITests" */;
			buildPhases = (
				085C34D81DEBDF877BEBF2F1 /* [CP] Check Pods Manifest.lock */,
				2C340CB12713133800B2D4F1 /* Sources */,
				2C340CB22713133800B2D4F1 /* Frameworks */,
				2C340CB32713133800B2D4F1 /* Resources */,
				70D05BCF229F52D909C01328 /* [CP] Embed Pods Frameworks */,
			);
			buildRules = (
			);
			dependencies = (
				2C340CB72713133800B2D4F1 /* PBXTargetDependency */,
			);
			name = KleverTestUITests;
			productName = KleverTestUITests;
			productReference = 2C340CB52713133800B2D4F1 /* KleverTestUITests.xctest */;
			productType = "com.apple.product-type.bundle.ui-testing";
		};
/* End PBXNativeTarget section */

/* Begin PBXProject section */
		2C340C892713133700B2D4F1 /* Project object */ = {
			isa = PBXProject;
			attributes = {
				LastSwiftUpdateCheck = 1250;
				LastUpgradeCheck = 1250;
				TargetAttributes = {
					2C340C902713133700B2D4F1 = {
						CreatedOnToolsVersion = 12.5.1;
					};
					2C340CA92713133800B2D4F1 = {
						CreatedOnToolsVersion = 12.5.1;
						TestTargetID = 2C340C902713133700B2D4F1;
					};
					2C340CB42713133800B2D4F1 = {
						CreatedOnToolsVersion = 12.5.1;
						TestTargetID = 2C340C902713133700B2D4F1;
					};
				};
			};
			buildConfigurationList = 2C340C8C2713133700B2D4F1 /* Build configuration list for PBXProject "KleverTest" */;
			compatibilityVersion = "Xcode 9.3";
			developmentRegion = en;
			hasScannedForEncodings = 0;
			knownRegions = (
				en,
				Base,
			);
			mainGroup = 2C340C882713133700B2D4F1;
			packageReferences = (
				2CFF00322713D80A00ABF485 /* XCRemoteSwiftPackageReference "swift-nio" */,
				2CFF00352713DCAD00ABF485 /* XCRemoteSwiftPackageReference "swift-protobuf" */,
				2CFF00382713DCF600ABF485 /* XCRemoteSwiftPackageReference "grpc-swift" */,
			);
			productRefGroup = 2C340C922713133700B2D4F1 /* Products */;
			projectDirPath = "";
			projectRoot = "";
			targets = (
				2C340C902713133700B2D4F1 /* KleverTest */,
				2C340CA92713133800B2D4F1 /* KleverTestTests */,
				2C340CB42713133800B2D4F1 /* KleverTestUITests */,
			);
		};
/* End PBXProject section */

/* Begin PBXResourcesBuildPhase section */
		2C340C8F2713133700B2D4F1 /* Resources */ = {
			isa = PBXResourcesBuildPhase;
			buildActionMask = 2147483647;
			files = (
				2C340CA42713133800B2D4F1 /* LaunchScreen.storyboard in Resources */,
				2C340CA12713133800B2D4F1 /* Preview Assets.xcassets in Resources */,
				2C340C9E2713133800B2D4F1 /* Assets.xcassets in Resources */,
			);
			runOnlyForDeploymentPostprocessing = 0;
		};
		2C340CA82713133800B2D4F1 /* Resources */ = {
			isa = PBXResourcesBuildPhase;
			buildActionMask = 2147483647;
			files = (
			);
			runOnlyForDeploymentPostprocessing = 0;
		};
		2C340CB32713133800B2D4F1 /* Resources */ = {
			isa = PBXResourcesBuildPhase;
			buildActionMask = 2147483647;
			files = (
			);
			runOnlyForDeploymentPostprocessing = 0;
		};
/* End PBXResourcesBuildPhase section */

/* Begin PBXShellScriptBuildPhase section */
		085C34D81DEBDF877BEBF2F1 /* [CP] Check Pods Manifest.lock */ = {
			isa = PBXShellScriptBuildPhase;
			buildActionMask = 2147483647;
			files = (
			);
			inputFileListPaths = (
			);
			inputPaths = (
				"${PODS_PODFILE_DIR_PATH}/Podfile.lock",
				"${PODS_ROOT}/Manifest.lock",
			);
			name = "[CP] Check Pods Manifest.lock";
			outputFileListPaths = (
			);
			outputPaths = (
				"$(DERIVED_FILE_DIR)/Pods-KleverTest-KleverTestUITests-checkManifestLockResult.txt",
			);
			runOnlyForDeploymentPostprocessing = 0;
			shellPath = /bin/sh;
			shellScript = "diff \"${PODS_PODFILE_DIR_PATH}/Podfile.lock\" \"${PODS_ROOT}/Manifest.lock\" > /dev/null\nif [ $? != 0 ] ; then\n    # print error to STDERR\n    echo \"error: The sandbox is not in sync with the Podfile.lock. Run 'pod install' or update your CocoaPods installation.\" >&2\n    exit 1\nfi\n# This output is used by Xcode 'outputs' to avoid re-running this script phase.\necho \"SUCCESS\" > \"${SCRIPT_OUTPUT_FILE_0}\"\n";
			showEnvVarsInLog = 0;
		};
		14E8F90A7DCD6A7D690FBCEB /* [CP] Check Pods Manifest.lock */ = {
			isa = PBXShellScriptBuildPhase;
			buildActionMask = 2147483647;
			files = (
			);
			inputFileListPaths = (
			);
			inputPaths = (
				"${PODS_PODFILE_DIR_PATH}/Podfile.lock",
				"${PODS_ROOT}/Manifest.lock",
			);
			name = "[CP] Check Pods Manifest.lock";
			outputFileListPaths = (
			);
			outputPaths = (
				"$(DERIVED_FILE_DIR)/Pods-KleverTest-checkManifestLockResult.txt",
			);
			runOnlyForDeploymentPostprocessing = 0;
			shellPath = /bin/sh;
			shellScript = "diff \"${PODS_PODFILE_DIR_PATH}/Podfile.lock\" \"${PODS_ROOT}/Manifest.lock\" > /dev/null\nif [ $? != 0 ] ; then\n    # print error to STDERR\n    echo \"error: The sandbox is not in sync with the Podfile.lock. Run 'pod install' or update your CocoaPods installation.\" >&2\n    exit 1\nfi\n# This output is used by Xcode 'outputs' to avoid re-running this script phase.\necho \"SUCCESS\" > \"${SCRIPT_OUTPUT_FILE_0}\"\n";
			showEnvVarsInLog = 0;
		};
		6859381394B64205B0A160F1 /* [CP] Check Pods Manifest.lock */ = {
			isa = PBXShellScriptBuildPhase;
			buildActionMask = 2147483647;
			files = (
			);
			inputFileListPaths = (
			);
			inputPaths = (
				"${PODS_PODFILE_DIR_PATH}/Podfile.lock",
				"${PODS_ROOT}/Manifest.lock",
			);
			name = "[CP] Check Pods Manifest.lock";
			outputFileListPaths = (
			);
			outputPaths = (
				"$(DERIVED_FILE_DIR)/Pods-KleverTestTests-checkManifestLockResult.txt",
			);
			runOnlyForDeploymentPostprocessing = 0;
			shellPath = /bin/sh;
			shellScript = "diff \"${PODS_PODFILE_DIR_PATH}/Podfile.lock\" \"${PODS_ROOT}/Manifest.lock\" > /dev/null\nif [ $? != 0 ] ; then\n    # print error to STDERR\n    echo \"error: The sandbox is not in sync with the Podfile.lock. Run 'pod install' or update your CocoaPods installation.\" >&2\n    exit 1\nfi\n# This output is used by Xcode 'outputs' to avoid re-running this script phase.\necho \"SUCCESS\" > \"${SCRIPT_OUTPUT_FILE_0}\"\n";
			showEnvVarsInLog = 0;
		};
		70D05BCF229F52D909C01328 /* [CP] Embed Pods Frameworks */ = {
			isa = PBXShellScriptBuildPhase;
			buildActionMask = 2147483647;
			files = (
			);
			inputFileListPaths = (
				"${PODS_ROOT}/Target Support Files/Pods-KleverTest-KleverTestUITests/Pods-KleverTest-KleverTestUITests-frameworks-${CONFIGURATION}-input-files.xcfilelist",
			);
			name = "[CP] Embed Pods Frameworks";
			outputFileListPaths = (
				"${PODS_ROOT}/Target Support Files/Pods-KleverTest-KleverTestUITests/Pods-KleverTest-KleverTestUITests-frameworks-${CONFIGURATION}-output-files.xcfilelist",
			);
			runOnlyForDeploymentPostprocessing = 0;
			shellPath = /bin/sh;
			shellScript = "\"${PODS_ROOT}/Target Support Files/Pods-KleverTest-KleverTestUITests/Pods-KleverTest-KleverTestUITests-frameworks.sh\"\n";
			showEnvVarsInLog = 0;
		};
		942C2AACF7A9693BB2E7F6FA /* [CP] Embed Pods Frameworks */ = {
			isa = PBXShellScriptBuildPhase;
			buildActionMask = 2147483647;
			files = (
			);
			inputFileListPaths = (
				"${PODS_ROOT}/Target Support Files/Pods-KleverTest/Pods-KleverTest-frameworks-${CONFIGURATION}-input-files.xcfilelist",
			);
			name = "[CP] Embed Pods Frameworks";
			outputFileListPaths = (
				"${PODS_ROOT}/Target Support Files/Pods-KleverTest/Pods-KleverTest-frameworks-${CONFIGURATION}-output-files.xcfilelist",
			);
			runOnlyForDeploymentPostprocessing = 0;
			shellPath = /bin/sh;
			shellScript = "\"${PODS_ROOT}/Target Support Files/Pods-KleverTest/Pods-KleverTest-frameworks.sh\"\n";
			showEnvVarsInLog = 0;
		};
/* End PBXShellScriptBuildPhase section */

/* Begin PBXSourcesBuildPhase section */
		2C340C8D2713133700B2D4F1 /* Sources */ = {
			isa = PBXSourcesBuildPhase;
			buildActionMask = 2147483647;
			files = (
				2C340C9C2713133700B2D4F1 /* KleverTest.xcdatamodeld in Sources */,
				2CAA9FA5271323620052854C /* UserAccountPresenterProtocol.swift in Sources */,
				2CFF002D2713B39200ABF485 /* ErrorView.swift in Sources */,
				2CAA9F9F27131EBB0052854C /* UserAccountViewProtocol.swift in Sources */,
				2C340C952713133700B2D4F1 /* AppDelegate.swift in Sources */,
				2CFF0027271327AE00ABF485 /* UserAccountInteractor.swift in Sources */,
				2CAA9FA7271323CB0052854C /* UserData.swift in Sources */,
				2C340C972713133700B2D4F1 /* SceneDelegate.swift in Sources */,
				2CFF00302713D6FF00ABF485 /* accounts.grpc.swift in Sources */,
				2CFF0029271327E900ABF485 /* UserAccountInteractorProtocol.swift in Sources */,
				2CAA9F9D27131E440052854C /* UserAccountView.swift in Sources */,
				2CAA9FA3271323190052854C /* UserAccountPresenter.swift in Sources */,
				2CFF00312713D6FF00ABF485 /* accounts.pb.swift in Sources */,
				2CAA9F9B27131E230052854C /* UserAccountRouter.swift in Sources */,
				2CFF002B2713282E00ABF485 /* UserAPI.swift in Sources */,
			);
			runOnlyForDeploymentPostprocessing = 0;
		};
		2C340CA62713133800B2D4F1 /* Sources */ = {
			isa = PBXSourcesBuildPhase;
			buildActionMask = 2147483647;
			files = (
				2C340CAF2713133800B2D4F1 /* KleverTestTests.swift in Sources */,
			);
			runOnlyForDeploymentPostprocessing = 0;
		};
		2C340CB12713133800B2D4F1 /* Sources */ = {
			isa = PBXSourcesBuildPhase;
			buildActionMask = 2147483647;
			files = (
				2C340CBA2713133800B2D4F1 /* KleverTestUITests.swift in Sources */,
			);
			runOnlyForDeploymentPostprocessing = 0;
		};
/* End PBXSourcesBuildPhase section */

/* Begin PBXTargetDependency section */
		2C340CAC2713133800B2D4F1 /* PBXTargetDependency */ = {
			isa = PBXTargetDependency;
			target = 2C340C902713133700B2D4F1 /* KleverTest */;
			targetProxy = 2C340CAB2713133800B2D4F1 /* PBXContainerItemProxy */;
		};
		2C340CB72713133800B2D4F1 /* PBXTargetDependency */ = {
			isa = PBXTargetDependency;
			target = 2C340C902713133700B2D4F1 /* KleverTest */;
			targetProxy = 2C340CB62713133800B2D4F1 /* PBXContainerItemProxy */;
		};
/* End PBXTargetDependency section */

/* Begin PBXVariantGroup section */
		2C340CA22713133800B2D4F1 /* LaunchScreen.storyboard */ = {
			isa = PBXVariantGroup;
			children = (
				2C340CA32713133800B2D4F1 /* Base */,
			);
			name = LaunchScreen.storyboard;
			sourceTree = "<group>";
		};
/* End PBXVariantGroup section */

/* Begin XCBuildConfiguration section */
		2C340CBC2713133800B2D4F1 /* Debug */ = {
			isa = XCBuildConfiguration;
			buildSettings = {
				ALWAYS_SEARCH_USER_PATHS = NO;
				CLANG_ANALYZER_NONNULL = YES;
				CLANG_ANALYZER_NUMBER_OBJECT_CONVERSION = YES_AGGRESSIVE;
				CLANG_CXX_LANGUAGE_STANDARD = "gnu++14";
				CLANG_CXX_LIBRARY = "libc++";
				CLANG_ENABLE_MODULES = YES;
				CLANG_ENABLE_OBJC_ARC = YES;
				CLANG_ENABLE_OBJC_WEAK = YES;
				CLANG_WARN_BLOCK_CAPTURE_AUTORELEASING = YES;
				CLANG_WARN_BOOL_CONVERSION = YES;
				CLANG_WARN_COMMA = YES;
				CLANG_WARN_CONSTANT_CONVERSION = YES;
				CLANG_WARN_DEPRECATED_OBJC_IMPLEMENTATIONS = YES;
				CLANG_WARN_DIRECT_OBJC_ISA_USAGE = YES_ERROR;
				CLANG_WARN_DOCUMENTATION_COMMENTS = YES;
				CLANG_WARN_EMPTY_BODY = YES;
				CLANG_WARN_ENUM_CONVERSION = YES;
				CLANG_WARN_INFINITE_RECURSION = YES;
				CLANG_WARN_INT_CONVERSION = YES;
				CLANG_WARN_NON_LITERAL_NULL_CONVERSION = YES;
				CLANG_WARN_OBJC_IMPLICIT_RETAIN_SELF = YES;
				CLANG_WARN_OBJC_LITERAL_CONVERSION = YES;
				CLANG_WARN_OBJC_ROOT_CLASS = YES_ERROR;
				CLANG_WARN_QUOTED_INCLUDE_IN_FRAMEWORK_HEADER = YES;
				CLANG_WARN_RANGE_LOOP_ANALYSIS = YES;
				CLANG_WARN_STRICT_PROTOTYPES = YES;
				CLANG_WARN_SUSPICIOUS_MOVE = YES;
				CLANG_WARN_UNGUARDED_AVAILABILITY = YES_AGGRESSIVE;
				CLANG_WARN_UNREACHABLE_CODE = YES;
				CLANG_WARN__DUPLICATE_METHOD_MATCH = YES;
				COPY_PHASE_STRIP = NO;
				DEBUG_INFORMATION_FORMAT = dwarf;
				ENABLE_STRICT_OBJC_MSGSEND = YES;
				ENABLE_TESTABILITY = YES;
				GCC_C_LANGUAGE_STANDARD = gnu11;
				GCC_DYNAMIC_NO_PIC = NO;
				GCC_NO_COMMON_BLOCKS = YES;
				GCC_OPTIMIZATION_LEVEL = 0;
				GCC_PREPROCESSOR_DEFINITIONS = (
					"DEBUG=1",
					"$(inherited)",
				);
				GCC_WARN_64_TO_32_BIT_CONVERSION = YES;
				GCC_WARN_ABOUT_RETURN_TYPE = YES_ERROR;
				GCC_WARN_UNDECLARED_SELECTOR = YES;
				GCC_WARN_UNINITIALIZED_AUTOS = YES_AGGRESSIVE;
				GCC_WARN_UNUSED_FUNCTION = YES;
				GCC_WARN_UNUSED_VARIABLE = YES;
				IPHONEOS_DEPLOYMENT_TARGET = 14.5;
				MTL_ENABLE_DEBUG_INFO = INCLUDE_SOURCE;
				MTL_FAST_MATH = YES;
				ONLY_ACTIVE_ARCH = YES;
				SDKROOT = iphoneos;
				SWIFT_ACTIVE_COMPILATION_CONDITIONS = DEBUG;
				SWIFT_OPTIMIZATION_LEVEL = "-Onone";
			};
			name = Debug;
		};
		2C340CBD2713133800B2D4F1 /* Release */ = {
			isa = XCBuildConfiguration;
			buildSettings = {
				ALWAYS_SEARCH_USER_PATHS = NO;
				CLANG_ANALYZER_NONNULL = YES;
				CLANG_ANALYZER_NUMBER_OBJECT_CONVERSION = YES_AGGRESSIVE;
				CLANG_CXX_LANGUAGE_STANDARD = "gnu++14";
				CLANG_CXX_LIBRARY = "libc++";
				CLANG_ENABLE_MODULES = YES;
				CLANG_ENABLE_OBJC_ARC = YES;
				CLANG_ENABLE_OBJC_WEAK = YES;
				CLANG_WARN_BLOCK_CAPTURE_AUTORELEASING = YES;
				CLANG_WARN_BOOL_CONVERSION = YES;
				CLANG_WARN_COMMA = YES;
				CLANG_WARN_CONSTANT_CONVERSION = YES;
				CLANG_WARN_DEPRECATED_OBJC_IMPLEMENTATIONS = YES;
				CLANG_WARN_DIRECT_OBJC_ISA_USAGE = YES_ERROR;
				CLANG_WARN_DOCUMENTATION_COMMENTS = YES;
				CLANG_WARN_EMPTY_BODY = YES;
				CLANG_WARN_ENUM_CONVERSION = YES;
				CLANG_WARN_INFINITE_RECURSION = YES;
				CLANG_WARN_INT_CONVERSION = YES;
				CLANG_WARN_NON_LITERAL_NULL_CONVERSION = YES;
				CLANG_WARN_OBJC_IMPLICIT_RETAIN_SELF = YES;
				CLANG_WARN_OBJC_LITERAL_CONVERSION = YES;
				CLANG_WARN_OBJC_ROOT_CLASS = YES_ERROR;
				CLANG_WARN_QUOTED_INCLUDE_IN_FRAMEWORK_HEADER = YES;
				CLANG_WARN_RANGE_LOOP_ANALYSIS = YES;
				CLANG_WARN_STRICT_PROTOTYPES = YES;
				CLANG_WARN_SUSPICIOUS_MOVE = YES;
				CLANG_WARN_UNGUARDED_AVAILABILITY = YES_AGGRESSIVE;
				CLANG_WARN_UNREACHABLE_CODE = YES;
				CLANG_WARN__DUPLICATE_METHOD_MATCH = YES;
				COPY_PHASE_STRIP = NO;
				DEBUG_INFORMATION_FORMAT = "dwarf-with-dsym";
				ENABLE_NS_ASSERTIONS = NO;
				ENABLE_STRICT_OBJC_MSGSEND = YES;
				GCC_C_LANGUAGE_STANDARD = gnu11;
				GCC_NO_COMMON_BLOCKS = YES;
				GCC_WARN_64_TO_32_BIT_CONVERSION = YES;
				GCC_WARN_ABOUT_RETURN_TYPE = YES_ERROR;
				GCC_WARN_UNDECLARED_SELECTOR = YES;
				GCC_WARN_UNINITIALIZED_AUTOS = YES_AGGRESSIVE;
				GCC_WARN_UNUSED_FUNCTION = YES;
				GCC_WARN_UNUSED_VARIABLE = YES;
				IPHONEOS_DEPLOYMENT_TARGET = 14.5;
				MTL_ENABLE_DEBUG_INFO = NO;
				MTL_FAST_MATH = YES;
				SDKROOT = iphoneos;
				SWIFT_COMPILATION_MODE = wholemodule;
				SWIFT_OPTIMIZATION_LEVEL = "-O";
				VALIDATE_PRODUCT = YES;
			};
			name = Release;
		};
		2C340CBF2713133800B2D4F1 /* Debug */ = {
			isa = XCBuildConfiguration;
			baseConfigurationReference = B36291F464CE1BD222710F35 /* Pods-KleverTest.debug.xcconfig */;
			buildSettings = {
				ASSETCATALOG_COMPILER_APPICON_NAME = AppIcon;
				ASSETCATALOG_COMPILER_GLOBAL_ACCENT_COLOR_NAME = AccentColor;
				CODE_SIGN_STYLE = Automatic;
				DEVELOPMENT_ASSET_PATHS = "\"KleverTest/Preview Content\"";
				DEVELOPMENT_TEAM = PM5H66UXFY;
				ENABLE_PREVIEWS = YES;
				INFOPLIST_FILE = KleverTest/Info.plist;
				LD_RUNPATH_SEARCH_PATHS = (
					"$(inherited)",
					"@executable_path/Frameworks",
				);
				PRODUCT_BUNDLE_IDENTIFIER = com.biscuitmobile.KleverTest;
				PRODUCT_NAME = "$(TARGET_NAME)";
				SWIFT_VERSION = 5.0;
				TARGETED_DEVICE_FAMILY = "1,2";
			};
			name = Debug;
		};
		2C340CC02713133800B2D4F1 /* Release */ = {
			isa = XCBuildConfiguration;
			baseConfigurationReference = 5A4E9E5B2FF576F34D6EB847 /* Pods-KleverTest.release.xcconfig */;
			buildSettings = {
				ASSETCATALOG_COMPILER_APPICON_NAME = AppIcon;
				ASSETCATALOG_COMPILER_GLOBAL_ACCENT_COLOR_NAME = AccentColor;
				CODE_SIGN_STYLE = Automatic;
				DEVELOPMENT_ASSET_PATHS = "\"KleverTest/Preview Content\"";
				DEVELOPMENT_TEAM = PM5H66UXFY;
				ENABLE_PREVIEWS = YES;
				INFOPLIST_FILE = KleverTest/Info.plist;
				LD_RUNPATH_SEARCH_PATHS = (
					"$(inherited)",
					"@executable_path/Frameworks",
				);
				PRODUCT_BUNDLE_IDENTIFIER = com.biscuitmobile.KleverTest;
				PRODUCT_NAME = "$(TARGET_NAME)";
				SWIFT_VERSION = 5.0;
				TARGETED_DEVICE_FAMILY = "1,2";
			};
			name = Release;
		};
		2C340CC22713133800B2D4F1 /* Debug */ = {
			isa = XCBuildConfiguration;
			baseConfigurationReference = 2AE401C9D6714549F0F319D0 /* Pods-KleverTestTests.debug.xcconfig */;
			buildSettings = {
				ALWAYS_EMBED_SWIFT_STANDARD_LIBRARIES = YES;
				BUNDLE_LOADER = "$(TEST_HOST)";
				CODE_SIGN_STYLE = Automatic;
				DEVELOPMENT_TEAM = PM5H66UXFY;
				INFOPLIST_FILE = KleverTestTests/Info.plist;
				IPHONEOS_DEPLOYMENT_TARGET = 14.5;
				LD_RUNPATH_SEARCH_PATHS = (
					"$(inherited)",
					"@executable_path/Frameworks",
					"@loader_path/Frameworks",
				);
				PRODUCT_BUNDLE_IDENTIFIER = com.biscuitmobile.KleverTestTests;
				PRODUCT_NAME = "$(TARGET_NAME)";
				SWIFT_VERSION = 5.0;
				TARGETED_DEVICE_FAMILY = "1,2";
				TEST_HOST = "$(BUILT_PRODUCTS_DIR)/KleverTest.app/KleverTest";
			};
			name = Debug;
		};
		2C340CC32713133800B2D4F1 /* Release */ = {
			isa = XCBuildConfiguration;
			baseConfigurationReference = 138F2AAABC28B5063514E3CC /* Pods-KleverTestTests.release.xcconfig */;
			buildSettings = {
				ALWAYS_EMBED_SWIFT_STANDARD_LIBRARIES = YES;
				BUNDLE_LOADER = "$(TEST_HOST)";
				CODE_SIGN_STYLE = Automatic;
				DEVELOPMENT_TEAM = PM5H66UXFY;
				INFOPLIST_FILE = KleverTestTests/Info.plist;
				IPHONEOS_DEPLOYMENT_TARGET = 14.5;
				LD_RUNPATH_SEARCH_PATHS = (
					"$(inherited)",
					"@executable_path/Frameworks",
					"@loader_path/Frameworks",
				);
				PRODUCT_BUNDLE_IDENTIFIER = com.biscuitmobile.KleverTestTests;
				PRODUCT_NAME = "$(TARGET_NAME)";
				SWIFT_VERSION = 5.0;
				TARGETED_DEVICE_FAMILY = "1,2";
				TEST_HOST = "$(BUILT_PRODUCTS_DIR)/KleverTest.app/KleverTest";
			};
			name = Release;
		};
		2C340CC52713133800B2D4F1 /* Debug */ = {
			isa = XCBuildConfiguration;
			baseConfigurationReference = AC439654A5504980452ECE23 /* Pods-KleverTest-KleverTestUITests.debug.xcconfig */;
			buildSettings = {
				ALWAYS_EMBED_SWIFT_STANDARD_LIBRARIES = YES;
				CODE_SIGN_STYLE = Automatic;
				DEVELOPMENT_TEAM = PM5H66UXFY;
				INFOPLIST_FILE = KleverTestUITests/Info.plist;
				LD_RUNPATH_SEARCH_PATHS = (
					"$(inherited)",
					"@executable_path/Frameworks",
					"@loader_path/Frameworks",
				);
				PRODUCT_BUNDLE_IDENTIFIER = com.biscuitmobile.KleverTestUITests;
				PRODUCT_NAME = "$(TARGET_NAME)";
				SWIFT_VERSION = 5.0;
				TARGETED_DEVICE_FAMILY = "1,2";
				TEST_TARGET_NAME = KleverTest;
			};
			name = Debug;
		};
		2C340CC62713133800B2D4F1 /* Release */ = {
			isa = XCBuildConfiguration;
			baseConfigurationReference = 34472E8585457EE5788B03FA /* Pods-KleverTest-KleverTestUITests.release.xcconfig */;
			buildSettings = {
				ALWAYS_EMBED_SWIFT_STANDARD_LIBRARIES = YES;
				CODE_SIGN_STYLE = Automatic;
				DEVELOPMENT_TEAM = PM5H66UXFY;
				INFOPLIST_FILE = KleverTestUITests/Info.plist;
				LD_RUNPATH_SEARCH_PATHS = (
					"$(inherited)",
					"@executable_path/Frameworks",
					"@loader_path/Frameworks",
				);
				PRODUCT_BUNDLE_IDENTIFIER = com.biscuitmobile.KleverTestUITests;
				PRODUCT_NAME = "$(TARGET_NAME)";
				SWIFT_VERSION = 5.0;
				TARGETED_DEVICE_FAMILY = "1,2";
				TEST_TARGET_NAME = KleverTest;
			};
			name = Release;
		};
/* End XCBuildConfiguration section */

/* Begin XCConfigurationList section */
		2C340C8C2713133700B2D4F1 /* Build configuration list for PBXProject "KleverTest" */ = {
			isa = XCConfigurationList;
			buildConfigurations = (
				2C340CBC2713133800B2D4F1 /* Debug */,
				2C340CBD2713133800B2D4F1 /* Release */,
			);
			defaultConfigurationIsVisible = 0;
			defaultConfigurationName = Release;
		};
		2C340CBE2713133800B2D4F1 /* Build configuration list for PBXNativeTarget "KleverTest" */ = {
			isa = XCConfigurationList;
			buildConfigurations = (
				2C340CBF2713133800B2D4F1 /* Debug */,
				2C340CC02713133800B2D4F1 /* Release */,
			);
			defaultConfigurationIsVisible = 0;
			defaultConfigurationName = Release;
		};
		2C340CC12713133800B2D4F1 /* Build configuration list for PBXNativeTarget "KleverTestTests" */ = {
			isa = XCConfigurationList;
			buildConfigurations = (
				2C340CC22713133800B2D4F1 /* Debug */,
				2C340CC32713133800B2D4F1 /* Release */,
			);
			defaultConfigurationIsVisible = 0;
			defaultConfigurationName = Release;
		};
		2C340CC42713133800B2D4F1 /* Build configuration list for PBXNativeTarget "KleverTestUITests" */ = {
			isa = XCConfigurationList;
			buildConfigurations = (
				2C340CC52713133800B2D4F1 /* Debug */,
				2C340CC62713133800B2D4F1 /* Release */,
			);
			defaultConfigurationIsVisible = 0;
			defaultConfigurationName = Release;
		};
/* End XCConfigurationList section */

/* Begin XCRemoteSwiftPackageReference section */
		2CFF00322713D80A00ABF485 /* XCRemoteSwiftPackageReference "swift-nio" */ = {
			isa = XCRemoteSwiftPackageReference;
			repositoryURL = "https://github.com/apple/swift-nio.git";
			requirement = {
				kind = upToNextMajorVersion;
				minimumVersion = 2.33.0;
			};
		};
		2CFF00352713DCAD00ABF485 /* XCRemoteSwiftPackageReference "swift-protobuf" */ = {
			isa = XCRemoteSwiftPackageReference;
			repositoryURL = "https://github.com/apple/swift-protobuf";
			requirement = {
				kind = upToNextMajorVersion;
				minimumVersion = 1.18.0;
			};
		};
		2CFF00382713DCF600ABF485 /* XCRemoteSwiftPackageReference "grpc-swift" */ = {
			isa = XCRemoteSwiftPackageReference;
			repositoryURL = "https://github.com/grpc/grpc-swift";
			requirement = {
				kind = upToNextMajorVersion;
				minimumVersion = 1.5.0;
			};
		};
/* End XCRemoteSwiftPackageReference section */

/* Begin XCSwiftPackageProductDependency section */
		2CFF00332713D80A00ABF485 /* NIO */ = {
			isa = XCSwiftPackageProductDependency;
			package = 2CFF00322713D80A00ABF485 /* XCRemoteSwiftPackageReference "swift-nio" */;
			productName = NIO;
		};
		2CFF00362713DCAD00ABF485 /* SwiftProtobuf */ = {
			isa = XCSwiftPackageProductDependency;
			package = 2CFF00352713DCAD00ABF485 /* XCRemoteSwiftPackageReference "swift-protobuf" */;
			productName = SwiftProtobuf;
		};
		2CFF00392713DCF600ABF485 /* GRPC */ = {
			isa = XCSwiftPackageProductDependency;
			package = 2CFF00382713DCF600ABF485 /* XCRemoteSwiftPackageReference "grpc-swift" */;
			productName = GRPC;
		};
/* End XCSwiftPackageProductDependency section */

/* Begin XCVersionGroup section */
		2C340C9A2713133700B2D4F1 /* KleverTest.xcdatamodeld */ = {
			isa = XCVersionGroup;
			children = (
				2C340C9B2713133700B2D4F1 /* KleverTest.xcdatamodel */,
			);
			currentVersion = 2C340C9B2713133700B2D4F1 /* KleverTest.xcdatamodel */;
			path = KleverTest.xcdatamodeld;
			sourceTree = "<group>";
			versionGroupType = wrapper.xcdatamodel;
		};
/* End XCVersionGroup section */
	};
	rootObject = 2C340C892713133700B2D4F1 /* Project object */;
}
